
Microsoft Visual Studio Solution File, Format Version 12.00
# Visual Studio Version 16
VisualStudioVersion = 16.0.29519.87
MinimumVisualStudioVersion = 10.0.40219.1
Project("{888888A0-9F3D-457C-B088-3A5042F75D52}") = "AML", "AML.pyproj", "{01C8B802-B13F-4162-AC1C-A5F370D3EA7D}"
EndProject
Global
	GlobalSection(SolutionConfigurationPlatforms) = preSolution
		Debug|Any CPU = Debug|Any CPU
		Release|Any CPU = Release|Any CPU
	EndGlobalSection
	GlobalSection(ProjectConfigurationPlatforms) = postSolution
		{01C8B802-B13F-4162-AC1C-A5F370D3EA7D}.Debug|Any CPU.ActiveCfg = Debug|Any CPU
		{01C8B802-B13F-4162-AC1C-A5F370D3EA7D}.Debug|Any CPU.Build.0 = Debug|Any CPU
		{01C8B802-B13F-4162-AC1C-A5F370D3EA7D}.Release|Any CPU.ActiveCfg = Release|Any CPU
		{01C8B802-B13F-4162-AC1C-A5F370D3EA7D}.Release|Any CPU.Build.0 = Release|Any CPU
	EndGlobalSection
	GlobalSection(SolutionProperties) = preSolution
		HideSolutionNode = FALSE
	EndGlobalSection
	GlobalSection(ExtensibilityGlobals) = postSolution
		SolutionGuid = {5CE6C396-DD52-49B8-90F1-AAFCB42765CD}
	EndGlobalSection
EndGlobal
